
Microsoft Visual Studio Solution File, Format Version 12.00
# Visual Studio Version 17
VisualStudioVersion = 17.6.33829.357
MinimumVisualStudioVersion = 10.0.40219.1
Project("{FAE04EC0-301F-11D3-BF4B-00C04F79EFBC}") = "domain-spec", "domain-spec\domain-spec.csproj", "{44176356-4717-4867-B787-F818182521F4}"
EndProject
Project("{9A19103F-16F7-4668-BE54-9A1E7A4F7556}") = "coffee-shop", "coffee-shop\coffee-shop.csproj", "{19BCF28F-F2B2-46F9-A3B8-F65518D7C0BC}"
EndProject
Global
	GlobalSection(SolutionConfigurationPlatforms) = preSolution
		Debug|Any CPU = Debug|Any CPU
		Release|Any CPU = Release|Any CPU
	EndGlobalSection
	GlobalSection(ProjectConfigurationPlatforms) = postSolution
		{44176356-4717-4867-B787-F818182521F4}.Debug|Any CPU.ActiveCfg = Debug|Any CPU
		{44176356-4717-4867-B787-F818182521F4}.Debug|Any CPU.Build.0 = Debug|Any CPU
		{44176356-4717-4867-B787-F818182521F4}.Release|Any CPU.ActiveCfg = Release|Any CPU
		{44176356-4717-4867-B787-F818182521F4}.Release|Any CPU.Build.0 = Release|Any CPU
		{19BCF28F-F2B2-46F9-A3B8-F65518D7C0BC}.Debug|Any CPU.ActiveCfg = Debug|Any CPU
		{19BCF28F-F2B2-46F9-A3B8-F65518D7C0BC}.Debug|Any CPU.Build.0 = Debug|Any CPU
		{19BCF28F-F2B2-46F9-A3B8-F65518D7C0BC}.Release|Any CPU.ActiveCfg = Release|Any CPU
		{19BCF28F-F2B2-46F9-A3B8-F65518D7C0BC}.Release|Any CPU.Build.0 = Release|Any CPU
	EndGlobalSection
	GlobalSection(SolutionProperties) = preSolution
		HideSolutionNode = FALSE
	EndGlobalSection
	GlobalSection(ExtensibilityGlobals) = postSolution
		SolutionGuid = {01958585-1941-4B0C-8AC8-CFA417EA906C}
	EndGlobalSection
EndGlobal
